# This file is automatically @generated by Cargo.
# It is not intended for manual editing.
version = 4

[[package]]
name = "humanify-cli"
version = "0.0.0"

[[package]]
name = "humanify-core"
version = "0.0.0"

[[package]]
name = "humanify-llm"
version = "0.0.0"

[[package]]
name = "humanify-model"
version = "0.0.0"

[[package]]
name = "humanify-parity"
version = "0.0.0"
